
Microsoft Visual Studio Solution File, Format Version 12.00
# Visual Studio Version 16
VisualStudioVersion = 16.0.32602.291
MinimumVisualStudioVersion = 10.0.40219.1
Project("{FAE04EC0-301F-11D3-BF4B-00C04F79EFBC}") = "JupiterAutomation", "JupiterAutomation.csproj", "{CAD577F3-6577-4FEA-B35C-CF93C2610161}"
EndProject
Global
	GlobalSection(SolutionConfigurationPlatforms) = preSolution
		Debug|Any CPU = Debug|Any CPU
		Release|Any CPU = Release|Any CPU
	EndGlobalSection
	GlobalSection(ProjectConfigurationPlatforms) = postSolution
		{CAD577F3-6577-4FEA-B35C-CF93C2610161}.Debug|Any CPU.ActiveCfg = Debug|Any CPU
		{CAD577F3-6577-4FEA-B35C-CF93C2610161}.Debug|Any CPU.Build.0 = Debug|Any CPU
		{CAD577F3-6577-4FEA-B35C-CF93C2610161}.Release|Any CPU.ActiveCfg = Release|Any CPU
		{CAD577F3-6577-4FEA-B35C-CF93C2610161}.Release|Any CPU.Build.0 = Release|Any CPU
	EndGlobalSection
	GlobalSection(SolutionProperties) = preSolution
		HideSolutionNode = FALSE
	EndGlobalSection
	GlobalSection(ExtensibilityGlobals) = postSolution
		SolutionGuid = {ECAC608A-3B38-49C7-A274-97EC6CAE8E46}
	EndGlobalSection
EndGlobal
